// !$*UTF8*$!
{
	archiveVersion = 1;
	classes = {
	};
	objectVersion = 46;
	objects = {

/* Begin PBXBuildFile section */
		255DB94D5C7248A2EFCD05EA /* Pods_ChatApp.framework in Frameworks */ = {isa = PBXBuildFile; fileRef = 4877C0904841BF6E637D8ACB /* Pods_ChatApp.framework */; };
		2670F4EF1D6E1DE6002CD0DA /* GoogleService-Info.plist in Resources */ = {isa = PBXBuildFile; fileRef = 2670F4EE1D6E1DE6002CD0DA /* GoogleService-Info.plist */; };
		2670F4F11D6E2146002CD0DA /* Globals.swift in Sources */ = {isa = PBXBuildFile; fileRef = 2670F4F01D6E2146002CD0DA /* Globals.swift */; };
		2670F4F31D6E401B002CD0DA /* ViewControllerRegistration.swift in Sources */ = {isa = PBXBuildFile; fileRef = 2670F4F21D6E401B002CD0DA /* ViewControllerRegistration.swift */; };
		2670F4F61D6E5990002CD0DA /* ViewControllerLoggedIn.swift in Sources */ = {isa = PBXBuildFile; fileRef = 2670F4F51D6E5990002CD0DA /* ViewControllerLoggedIn.swift */; };
		2677731F1D7218F0004F8349 /* SwiftyJSON.swift in Sources */ = {isa = PBXBuildFile; fileRef = 2677731E1D7218F0004F8349 /* SwiftyJSON.swift */; };
		267773211D7219E9004F8349 /* Extensions.swift in Sources */ = {isa = PBXBuildFile; fileRef = 267773201D7219E9004F8349 /* Extensions.swift */; };
		267773231D723233004F8349 /* DataProvider.swift in Sources */ = {isa = PBXBuildFile; fileRef = 267773221D723233004F8349 /* DataProvider.swift */; };
		267773261D724E6E004F8349 /* RestApiManager.swift in Sources */ = {isa = PBXBuildFile; fileRef = 267773251D724E6E004F8349 /* RestApiManager.swift */; };
		267773281D724E7C004F8349 /* Configuration.swift in Sources */ = {isa = PBXBuildFile; fileRef = 267773271D724E7C004F8349 /* Configuration.swift */; };
		26C283751D6E15BE00B13BE0 /* AppDelegate.swift in Sources */ = {isa = PBXBuildFile; fileRef = 26C283741D6E15BE00B13BE0 /* AppDelegate.swift */; };
		26C283771D6E15BE00B13BE0 /* ViewControllerlogIn.swift in Sources */ = {isa = PBXBuildFile; fileRef = 26C283761D6E15BE00B13BE0 /* ViewControllerlogIn.swift */; };
		26C2837A1D6E15BE00B13BE0 /* Main.storyboard in Resources */ = {isa = PBXBuildFile; fileRef = 26C283781D6E15BE00B13BE0 /* Main.storyboard */; };
		26C2837D1D6E15BE00B13BE0 /* ChatApp.xcdatamodeld in Sources */ = {isa = PBXBuildFile; fileRef = 26C2837B1D6E15BE00B13BE0 /* ChatApp.xcdatamodeld */; };
		26C2837F1D6E15BE00B13BE0 /* Assets.xcassets in Resources */ = {isa = PBXBuildFile; fileRef = 26C2837E1D6E15BE00B13BE0 /* Assets.xcassets */; };
		26C283821D6E15BE00B13BE0 /* LaunchScreen.storyboard in Resources */ = {isa = PBXBuildFile; fileRef = 26C283801D6E15BE00B13BE0 /* LaunchScreen.storyboard */; };
/* End PBXBuildFile section */

/* Begin PBXFileReference section */
		266772421DF63884005DB478 /* ChatApp.entitlements */ = {isa = PBXFileReference; lastKnownFileType = text.plist.entitlements; path = ChatApp.entitlements; sourceTree = "<group>"; };
		2670F4EE1D6E1DE6002CD0DA /* GoogleService-Info.plist */ = {isa = PBXFileReference; fileEncoding = 4; lastKnownFileType = text.plist.xml; path = "GoogleService-Info.plist"; sourceTree = "<group>"; };
		2670F4F01D6E2146002CD0DA /* Globals.swift */ = {isa = PBXFileReference; fileEncoding = 4; lastKnownFileType = sourcecode.swift; path = Globals.swift; sourceTree = "<group>"; };
		2670F4F21D6E401B002CD0DA /* ViewControllerRegistration.swift */ = {isa = PBXFileReference; fileEncoding = 4; lastKnownFileType = sourcecode.swift; path = ViewControllerRegistration.swift; sourceTree = "<group>"; };
		2670F4F51D6E5990002CD0DA /* ViewControllerLoggedIn.swift */ = {isa = PBXFileReference; fileEncoding = 4; lastKnownFileType = sourcecode.swift; path = ViewControllerLoggedIn.swift; sourceTree = "<group>"; };
		2677731E1D7218F0004F8349 /* SwiftyJSON.swift */ = {isa = PBXFileReference; fileEncoding = 4; lastKnownFileType = sourcecode.swift; path = SwiftyJSON.swift; sourceTree = "<group>"; };
		267773201D7219E9004F8349 /* Extensions.swift */ = {isa = PBXFileReference; fileEncoding = 4; lastKnownFileType = sourcecode.swift; path = Extensions.swift; sourceTree = "<group>"; };
		267773221D723233004F8349 /* DataProvider.swift */ = {isa = PBXFileReference; fileEncoding = 4; lastKnownFileType = sourcecode.swift; path = DataProvider.swift; sourceTree = "<group>"; };
		267773251D724E6E004F8349 /* RestApiManager.swift */ = {isa = PBXFileReference; fileEncoding = 4; lastKnownFileType = sourcecode.swift; path = RestApiManager.swift; sourceTree = "<group>"; };
		267773271D724E7C004F8349 /* Configuration.swift */ = {isa = PBXFileReference; fileEncoding = 4; lastKnownFileType = sourcecode.swift; path = Configuration.swift; sourceTree = "<group>"; };
		26C283711D6E15BE00B13BE0 /* ChatApp.app */ = {isa = PBXFileReference; explicitFileType = wrapper.application; includeInIndex = 0; path = ChatApp.app; sourceTree = BUILT_PRODUCTS_DIR; };
		26C283741D6E15BE00B13BE0 /* AppDelegate.swift */ = {isa = PBXFileReference; lastKnownFileType = sourcecode.swift; path = AppDelegate.swift; sourceTree = "<group>"; };
		26C283761D6E15BE00B13BE0 /* ViewControllerlogIn.swift */ = {isa = PBXFileReference; lastKnownFileType = sourcecode.swift; path = ViewControllerlogIn.swift; sourceTree = "<group>"; };
		26C283791D6E15BE00B13BE0 /* Base */ = {isa = PBXFileReference; lastKnownFileType = file.storyboard; name = Base; path = Base.lproj/Main.storyboard; sourceTree = "<group>"; };
		26C2837C1D6E15BE00B13BE0 /* ChatApp.xcdatamodel */ = {isa = PBXFileReference; lastKnownFileType = wrapper.xcdatamodel; path = ChatApp.xcdatamodel; sourceTree = "<group>"; };
		26C2837E1D6E15BE00B13BE0 /* Assets.xcassets */ = {isa = PBXFileReference; lastKnownFileType = folder.assetcatalog; path = Assets.xcassets; sourceTree = "<group>"; };
		26C283811D6E15BE00B13BE0 /* Base */ = {isa = PBXFileReference; lastKnownFileType = file.storyboard; name = Base; path = Base.lproj/LaunchScreen.storyboard; sourceTree = "<group>"; };
		26C283831D6E15BE00B13BE0 /* Info.plist */ = {isa = PBXFileReference; lastKnownFileType = text.plist.xml; path = Info.plist; sourceTree = "<group>"; };
		386B8F4B308A1E88A4F0A558 /* Pods-ChatApp.debug.xcconfig */ = {isa = PBXFileReference; includeInIndex = 1; lastKnownFileType = text.xcconfig; name = "Pods-ChatApp.debug.xcconfig"; path = "Pods/Target Support Files/Pods-ChatApp/Pods-ChatApp.debug.xcconfig"; sourceTree = "<group>"; };
		4877C0904841BF6E637D8ACB /* Pods_ChatApp.framework */ = {isa = PBXFileReference; explicitFileType = wrapper.framework; includeInIndex = 0; path = Pods_ChatApp.framework; sourceTree = BUILT_PRODUCTS_DIR; };
		8F43F4546BF09A48AC2CB24C /* Pods-ChatApp.release.xcconfig */ = {isa = PBXFileReference; includeInIndex = 1; lastKnownFileType = text.xcconfig; name = "Pods-ChatApp.release.xcconfig"; path = "Pods/Target Support Files/Pods-ChatApp/Pods-ChatApp.release.xcconfig"; sourceTree = "<group>"; };
/* End PBXFileReference section */

/* Begin PBXFrameworksBuildPhase section */
		26C2836E1D6E15BE00B13BE0 /* Frameworks */ = {
			isa = PBXFrameworksBuildPhase;
			buildActionMask = 2147483647;
			files = (
				255DB94D5C7248A2EFCD05EA /* Pods_ChatApp.framework in Frameworks */,
			);
			runOnlyForDeploymentPostprocessing = 0;
		};
/* End PBXFrameworksBuildPhase section */

/* Begin PBXGroup section */
		2670F4F41D6E402B002CD0DA /* ViewControllers */ = {
			isa = PBXGroup;
			children = (
				2670F4F51D6E5990002CD0DA /* ViewControllerLoggedIn.swift */,
				26C283761D6E15BE00B13BE0 /* ViewControllerlogIn.swift */,
				2670F4F21D6E401B002CD0DA /* ViewControllerRegistration.swift */,
			);
			name = ViewControllers;
			path = ChatApp;
			sourceTree = "<group>";
		};
		267773241D72323C004F8349 /* Classes */ = {
			isa = PBXGroup;
			children = (
				267773251D724E6E004F8349 /* RestApiManager.swift */,
				267773271D724E7C004F8349 /* Configuration.swift */,
				267773221D723233004F8349 /* DataProvider.swift */,
				2677731E1D7218F0004F8349 /* SwiftyJSON.swift */,
				267773201D7219E9004F8349 /* Extensions.swift */,
			);
			name = Classes;
			path = ChatApp;
			sourceTree = "<group>";
		};
		26C283681D6E15BE00B13BE0 = {
			isa = PBXGroup;
			children = (
				267773241D72323C004F8349 /* Classes */,
				2670F4F41D6E402B002CD0DA /* ViewControllers */,
				26C283731D6E15BE00B13BE0 /* ChatApp */,
				26C283721D6E15BE00B13BE0 /* Products */,
				B69C0F4F5B3AD9526901D963 /* Pods */,
				F639B697A56C17B6DEAB4254 /* Frameworks */,
			);
			sourceTree = "<group>";
		};
		26C283721D6E15BE00B13BE0 /* Products */ = {
			isa = PBXGroup;
			children = (
				26C283711D6E15BE00B13BE0 /* ChatApp.app */,
			);
			name = Products;
			sourceTree = "<group>";
		};
		26C283731D6E15BE00B13BE0 /* ChatApp */ = {
			isa = PBXGroup;
			children = (
				266772421DF63884005DB478 /* ChatApp.entitlements */,
				26C283741D6E15BE00B13BE0 /* AppDelegate.swift */,
				2670F4F01D6E2146002CD0DA /* Globals.swift */,
				26C283781D6E15BE00B13BE0 /* Main.storyboard */,
				26C2837E1D6E15BE00B13BE0 /* Assets.xcassets */,
				26C283801D6E15BE00B13BE0 /* LaunchScreen.storyboard */,
				26C283831D6E15BE00B13BE0 /* Info.plist */,
				2670F4EE1D6E1DE6002CD0DA /* GoogleService-Info.plist */,
				26C2837B1D6E15BE00B13BE0 /* ChatApp.xcdatamodeld */,
			);
			path = ChatApp;
			sourceTree = "<group>";
		};
		B69C0F4F5B3AD9526901D963 /* Pods */ = {
			isa = PBXGroup;
			children = (
				386B8F4B308A1E88A4F0A558 /* Pods-ChatApp.debug.xcconfig */,
				8F43F4546BF09A48AC2CB24C /* Pods-ChatApp.release.xcconfig */,
			);
			name = Pods;
			sourceTree = "<group>";
		};
		F639B697A56C17B6DEAB4254 /* Frameworks */ = {
			isa = PBXGroup;
			children = (
				4877C0904841BF6E637D8ACB /* Pods_ChatApp.framework */,
			);
			name = Frameworks;
			sourceTree = "<group>";
		};
/* End PBXGroup section */

/* Begin PBXNativeTarget section */
		26C283701D6E15BE00B13BE0 /* ChatApp */ = {
			isa = PBXNativeTarget;
			buildConfigurationList = 26C283861D6E15BE00B13BE0 /* Build configuration list for PBXNativeTarget "ChatApp" */;
			buildPhases = (
				E120B47F4295661C68B151B8 /* [CP] Check Pods Manifest.lock */,
				26C2836D1D6E15BE00B13BE0 /* Sources */,
				26C2836E1D6E15BE00B13BE0 /* Frameworks */,
				26C2836F1D6E15BE00B13BE0 /* Resources */,
				88260502471D6BD2C0491046 /* [CP] Embed Pods Frameworks */,
				B814A8BA89CE6BA43EEFC3D3 /* [CP] Copy Pods Resources */,
			);
			buildRules = (
			);
			dependencies = (
			);
			name = ChatApp;
			productName = ChatApp;
			productReference = 26C283711D6E15BE00B13BE0 /* ChatApp.app */;
			productType = "com.apple.product-type.application";
		};
/* End PBXNativeTarget section */

/* Begin PBXProject section */
		26C283691D6E15BE00B13BE0 /* Project object */ = {
			isa = PBXProject;
			attributes = {
				LastSwiftUpdateCheck = 0730;
				LastUpgradeCheck = 0810;
				ORGANIZATIONNAME = "Sven Forstner";
				TargetAttributes = {
					26C283701D6E15BE00B13BE0 = {
						CreatedOnToolsVersion = 7.3;
						DevelopmentTeam = 7253U9FQVY;
						LastSwiftMigration = 0810;
						SystemCapabilities = {
							com.apple.Push = {
								enabled = 1;
							};
						};
					};
				};
			};
			buildConfigurationList = 26C2836C1D6E15BE00B13BE0 /* Build configuration list for PBXProject "ChatApp" */;
			compatibilityVersion = "Xcode 3.2";
			developmentRegion = English;
			hasScannedForEncodings = 0;
			knownRegions = (
				en,
				Base,
			);
			mainGroup = 26C283681D6E15BE00B13BE0;
			productRefGroup = 26C283721D6E15BE00B13BE0 /* Products */;
			projectDirPath = "";
			projectRoot = "";
			targets = (
				26C283701D6E15BE00B13BE0 /* ChatApp */,
			);
		};
/* End PBXProject section */

/* Begin PBXResourcesBuildPhase section */
		26C2836F1D6E15BE00B13BE0 /* Resources */ = {
			isa = PBXResourcesBuildPhase;
			buildActionMask = 2147483647;
			files = (
				26C283821D6E15BE00B13BE0 /* LaunchScreen.storyboard in Resources */,
				2670F4EF1D6E1DE6002CD0DA /* GoogleService-Info.plist in Resources */,
				26C2837F1D6E15BE00B13BE0 /* Assets.xcassets in Resources */,
				26C2837A1D6E15BE00B13BE0 /* Main.storyboard in Resources */,
			);
			runOnlyForDeploymentPostprocessing = 0;
		};
/* End PBXResourcesBuildPhase section */

/* Begin PBXShellScriptBuildPhase section */
		88260502471D6BD2C0491046 /* [CP] Embed Pods Frameworks */ = {
			isa = PBXShellScriptBuildPhase;
			buildActionMask = 2147483647;
			files = (
			);
			inputPaths = (
			);
			name = "[CP] Embed Pods Frameworks";
			outputPaths = (
			);
			runOnlyForDeploymentPostprocessing = 0;
			shellPath = /bin/sh;
			shellScript = "\"${SRCROOT}/Pods/Target Support Files/Pods-ChatApp/Pods-ChatApp-frameworks.sh\"\n";
			showEnvVarsInLog = 0;
		};
		B814A8BA89CE6BA43EEFC3D3 /* [CP] Copy Pods Resources */ = {
			isa = PBXShellScriptBuildPhase;
			buildActionMask = 2147483647;
			files = (
			);
			inputPaths = (
			);
			name = "[CP] Copy Pods Resources";
			outputPaths = (
			);
			runOnlyForDeploymentPostprocessing = 0;
			shellPath = /bin/sh;
			shellScript = "\"${SRCROOT}/Pods/Target Support Files/Pods-ChatApp/Pods-ChatApp-resources.sh\"\n";
			showEnvVarsInLog = 0;
		};
		E120B47F4295661C68B151B8 /* [CP] Check Pods Manifest.lock */ = {
			isa = PBXShellScriptBuildPhase;
			buildActionMask = 2147483647;
			files = (
			);
			inputPaths = (
			);
			name = "[CP] Check Pods Manifest.lock";
			outputPaths = (
			);
			runOnlyForDeploymentPostprocessing = 0;
			shellPath = /bin/sh;
			shellScript = "diff \"${PODS_ROOT}/../Podfile.lock\" \"${PODS_ROOT}/Manifest.lock\" > /dev/null\nif [[ $? != 0 ]] ; then\n    cat << EOM\nerror: The sandbox is not in sync with the Podfile.lock. Run 'pod install' or update your CocoaPods installation.\nEOM\n    exit 1\nfi\n";
			showEnvVarsInLog = 0;
		};
/* End PBXShellScriptBuildPhase section */

/* Begin PBXSourcesBuildPhase section */
		26C2836D1D6E15BE00B13BE0 /* Sources */ = {
			isa = PBXSourcesBuildPhase;
			buildActionMask = 2147483647;
			files = (
				2670F4F11D6E2146002CD0DA /* Globals.swift in Sources */,
				2670F4F31D6E401B002CD0DA /* ViewControllerRegistration.swift in Sources */,
				26C2837D1D6E15BE00B13BE0 /* ChatApp.xcdatamodeld in Sources */,
				267773211D7219E9004F8349 /* Extensions.swift in Sources */,
				26C283771D6E15BE00B13BE0 /* ViewControllerlogIn.swift in Sources */,
				26C283751D6E15BE00B13BE0 /* AppDelegate.swift in Sources */,
				267773231D723233004F8349 /* DataProvider.swift in Sources */,
				2677731F1D7218F0004F8349 /* SwiftyJSON.swift in Sources */,
				267773261D724E6E004F8349 /* RestApiManager.swift in Sources */,
				2670F4F61D6E5990002CD0DA /* ViewControllerLoggedIn.swift in Sources */,
				267773281D724E7C004F8349 /* Configuration.swift in Sources */,
			);
			runOnlyForDeploymentPostprocessing = 0;
		};
/* End PBXSourcesBuildPhase section */

/* Begin PBXVariantGroup section */
		26C283781D6E15BE00B13BE0 /* Main.storyboard */ = {
			isa = PBXVariantGroup;
			children = (
				26C283791D6E15BE00B13BE0 /* Base */,
			);
			name = Main.storyboard;
			sourceTree = "<group>";
		};
		26C283801D6E15BE00B13BE0 /* LaunchScreen.storyboard */ = {
			isa = PBXVariantGroup;
			children = (
				26C283811D6E15BE00B13BE0 /* Base */,
			);
			name = LaunchScreen.storyboard;
			sourceTree = "<group>";
		};
/* End PBXVariantGroup section */

/* Begin XCBuildConfiguration section */
		26C283841D6E15BE00B13BE0 /* Debug */ = {
			isa = XCBuildConfiguration;
			buildSettings = {
				ALWAYS_SEARCH_USER_PATHS = NO;
				CLANG_ANALYZER_NONNULL = YES;
				CLANG_CXX_LANGUAGE_STANDARD = "gnu++0x";
				CLANG_CXX_LIBRARY = "libc++";
				CLANG_ENABLE_MODULES = YES;
				CLANG_ENABLE_OBJC_ARC = YES;
				CLANG_WARN_BOOL_CONVERSION = YES;
				CLANG_WARN_CONSTANT_CONVERSION = YES;
				CLANG_WARN_DIRECT_OBJC_ISA_USAGE = YES_ERROR;
				CLANG_WARN_EMPTY_BODY = YES;
				CLANG_WARN_ENUM_CONVERSION = YES;
				CLANG_WARN_INFINITE_RECURSION = YES;
				CLANG_WARN_INT_CONVERSION = YES;
				CLANG_WARN_OBJC_ROOT_CLASS = YES_ERROR;
				CLANG_WARN_SUSPICIOUS_MOVE = YES;
				CLANG_WARN_UNREACHABLE_CODE = YES;
				CLANG_WARN__DUPLICATE_METHOD_MATCH = YES;
				"CODE_SIGN_IDENTITY[sdk=iphoneos*]" = "iPhone Developer";
				COPY_PHASE_STRIP = NO;
				DEBUG_INFORMATION_FORMAT = dwarf;
				ENABLE_STRICT_OBJC_MSGSEND = YES;
				ENABLE_TESTABILITY = YES;
				GCC_C_LANGUAGE_STANDARD = gnu99;
				GCC_DYNAMIC_NO_PIC = NO;
				GCC_NO_COMMON_BLOCKS = YES;
				GCC_OPTIMIZATION_LEVEL = 0;
				GCC_PREPROCESSOR_DEFINITIONS = (
					"DEBUG=1",
					"$(inherited)",
				);
				GCC_WARN_64_TO_32_BIT_CONVERSION = YES;
				GCC_WARN_ABOUT_RETURN_TYPE = YES_ERROR;
				GCC_WARN_UNDECLARED_SELECTOR = YES;
				GCC_WARN_UNINITIALIZED_AUTOS = YES_AGGRESSIVE;
				GCC_WARN_UNUSED_FUNCTION = YES;
				GCC_WARN_UNUSED_VARIABLE = YES;
				IPHONEOS_DEPLOYMENT_TARGET = 9.3;
				MTL_ENABLE_DEBUG_INFO = YES;
				ONLY_ACTIVE_ARCH = YES;
				SDKROOT = iphoneos;
				SWIFT_OPTIMIZATION_LEVEL = "-Onone";
				TARGETED_DEVICE_FAMILY = "1,2";
			};
			name = Debug;
		};
		26C283851D6E15BE00B13BE0 /* Release */ = {
			isa = XCBuildConfiguration;
			buildSettings = {
				ALWAYS_SEARCH_USER_PATHS = NO;
				CLANG_ANALYZER_NONNULL = YES;
				CLANG_CXX_LANGUAGE_STANDARD = "gnu++0x";
				CLANG_CXX_LIBRARY = "libc++";
				CLANG_ENABLE_MODULES = YES;
				CLANG_ENABLE_OBJC_ARC = YES;
				CLANG_WARN_BOOL_CONVERSION = YES;
				CLANG_WARN_CONSTANT_CONVERSION = YES;
				CLANG_WARN_DIRECT_OBJC_ISA_USAGE = YES_ERROR;
				CLANG_WARN_EMPTY_BODY = YES;
				CLANG_WARN_ENUM_CONVERSION = YES;
				CLANG_WARN_INFINITE_RECURSION = YES;
				CLANG_WARN_INT_CONVERSION = YES;
				CLANG_WARN_OBJC_ROOT_CLASS = YES_ERROR;
				CLANG_WARN_SUSPICIOUS_MOVE = YES;
				CLANG_WARN_UNREACHABLE_CODE = YES;
				CLANG_WARN__DUPLICATE_METHOD_MATCH = YES;
				"CODE_SIGN_IDENTITY[sdk=iphoneos*]" = "iPhone Developer";
				COPY_PHASE_STRIP = NO;
				DEBUG_INFORMATION_FORMAT = "dwarf-with-dsym";
				ENABLE_NS_ASSERTIONS = NO;
				ENABLE_STRICT_OBJC_MSGSEND = YES;
				GCC_C_LANGUAGE_STANDARD = gnu99;
				GCC_NO_COMMON_BLOCKS = YES;
				GCC_WARN_64_TO_32_BIT_CONVERSION = YES;
				GCC_WARN_ABOUT_RETURN_TYPE = YES_ERROR;
				GCC_WARN_UNDECLARED_SELECTOR = YES;
				GCC_WARN_UNINITIALIZED_AUTOS = YES_AGGRESSIVE;
				GCC_WARN_UNUSED_FUNCTION = YES;
				GCC_WARN_UNUSED_VARIABLE = YES;
				IPHONEOS_DEPLOYMENT_TARGET = 9.3;
				MTL_ENABLE_DEBUG_INFO = NO;
				SDKROOT = iphoneos;
				SWIFT_OPTIMIZATION_LEVEL = "-Owholemodule";
				TARGETED_DEVICE_FAMILY = "1,2";
				VALIDATE_PRODUCT = YES;
			};
			name = Release;
		};
		26C283871D6E15BE00B13BE0 /* Debug */ = {
			isa = XCBuildConfiguration;
			baseConfigurationReference = 386B8F4B308A1E88A4F0A558 /* Pods-ChatApp.debug.xcconfig */;
			buildSettings = {
				ASSETCATALOG_COMPILER_APPICON_NAME = AppIcon;
				CODE_SIGN_ENTITLEMENTS = ChatApp/ChatApp.entitlements;
				CODE_SIGN_IDENTITY = "iPhone Developer";
				INFOPLIST_FILE = ChatApp/Info.plist;
				LD_RUNPATH_SEARCH_PATHS = "$(inherited) @executable_path/Frameworks";
				PRODUCT_BUNDLE_IDENTIFIER = com.forstner.ChatApp;
				PRODUCT_NAME = "$(TARGET_NAME)";
				SWIFT_VERSION = 3.0;
			};
			name = Debug;
		};
		26C283881D6E15BE00B13BE0 /* Release */ = {
			isa = XCBuildConfiguration;
			baseConfigurationReference = 8F43F4546BF09A48AC2CB24C /* Pods-ChatApp.release.xcconfig */;
			buildSettings = {
				ASSETCATALOG_COMPILER_APPICON_NAME = AppIcon;
				CODE_SIGN_ENTITLEMENTS = ChatApp/ChatApp.entitlements;
				CODE_SIGN_IDENTITY = "iPhone Developer";
				INFOPLIST_FILE = ChatApp/Info.plist;
				LD_RUNPATH_SEARCH_PATHS = "$(inherited) @executable_path/Frameworks";
				PRODUCT_BUNDLE_IDENTIFIER = com.forstner.ChatApp;
				PRODUCT_NAME = "$(TARGET_NAME)";
				SWIFT_VERSION = 3.0;
			};
			name = Release;
		};
/* End XCBuildConfiguration section */

/* Begin XCConfigurationList section */
		26C2836C1D6E15BE00B13BE0 /* Build configuration list for PBXProject "ChatApp" */ = {
			isa = XCConfigurationList;
			buildConfigurations = (
				26C283841D6E15BE00B13BE0 /* Debug */,
				26C283851D6E15BE00B13BE0 /* Release */,
			);
			defaultConfigurationIsVisible = 0;
			defaultConfigurationName = Release;
		};
		26C283861D6E15BE00B13BE0 /* Build configuration list for PBXNativeTarget "ChatApp" */ = {
			isa = XCConfigurationList;
			buildConfigurations = (
				26C283871D6E15BE00B13BE0 /* Debug */,
				26C283881D6E15BE00B13BE0 /* Release */,
			);
			defaultConfigurationIsVisible = 0;
			defaultConfigurationName = Release;
		};
/* End XCConfigurationList section */

/* Begin XCVersionGroup section */
		26C2837B1D6E15BE00B13BE0 /* ChatApp.xcdatamodeld */ = {
			isa = XCVersionGroup;
			children = (
				26C2837C1D6E15BE00B13BE0 /* ChatApp.xcdatamodel */,
			);
			currentVersion = 26C2837C1D6E15BE00B13BE0 /* ChatApp.xcdatamodel */;
			path = ChatApp.xcdatamodeld;
			sourceTree = "<group>";
			versionGroupType = wrapper.xcdatamodel;
		};
/* End XCVersionGroup section */
	};
	rootObject = 26C283691D6E15BE00B13BE0 /* Project object */;
}
